
Microsoft Visual Studio Solution File, Format Version 12.00
# Visual Studio Version 17
VisualStudioVersion = 17.3.32825.248
MinimumVisualStudioVersion = 10.0.40219.1
Project("{FAE04EC0-301F-11D3-BF4B-00C04F79EFBC}") = "Devs2Blu.ProjetosAula.Aula6.Jogo21", "src\Devs2Blu.ProjetosAula.Aula6.Jogo21\Devs2Blu.ProjetosAula.Aula6.Jogo21.csproj", "{D5B1F002-14D4-4DAA-AC67-B872AA811E26}"
EndProject
Global
	GlobalSection(SolutionConfigurationPlatforms) = preSolution
		Debug|Any CPU = Debug|Any CPU
		Release|Any CPU = Release|Any CPU
	EndGlobalSection
	GlobalSection(ProjectConfigurationPlatforms) = postSolution
		{D5B1F002-14D4-4DAA-AC67-B872AA811E26}.Debug|Any CPU.ActiveCfg = Debug|Any CPU
		{D5B1F002-14D4-4DAA-AC67-B872AA811E26}.Debug|Any CPU.Build.0 = Debug|Any CPU
		{D5B1F002-14D4-4DAA-AC67-B872AA811E26}.Release|Any CPU.ActiveCfg = Release|Any CPU
		{D5B1F002-14D4-4DAA-AC67-B872AA811E26}.Release|Any CPU.Build.0 = Release|Any CPU
	EndGlobalSection
	GlobalSection(SolutionProperties) = preSolution
		HideSolutionNode = FALSE
	EndGlobalSection
	GlobalSection(ExtensibilityGlobals) = postSolution
		SolutionGuid = {15154A6D-F1CE-4954-8697-499E885227A4}
	EndGlobalSection
EndGlobal
