
Microsoft Visual Studio Solution File, Format Version 12.00
# Visual Studio Version 17
VisualStudioVersion = 17.3.32825.248
MinimumVisualStudioVersion = 10.0.40219.1
Project("{FAE04EC0-301F-11D3-BF4B-00C04F79EFBC}") = "CursoDev2Blu.ProjetosAulas.ProjetoAula2", "CursoDev2Blu.ProjetosAulas.ProjetoAula2\CursoDev2Blu.ProjetosAulas.ProjetoAula2.csproj", "{CC44C65D-FB64-4729-9102-5DE0B4DE6228}"
EndProject
Global
	GlobalSection(SolutionConfigurationPlatforms) = preSolution
		Debug|Any CPU = Debug|Any CPU
		Release|Any CPU = Release|Any CPU
	EndGlobalSection
	GlobalSection(ProjectConfigurationPlatforms) = postSolution
		{CC44C65D-FB64-4729-9102-5DE0B4DE6228}.Debug|Any CPU.ActiveCfg = Debug|Any CPU
		{CC44C65D-FB64-4729-9102-5DE0B4DE6228}.Debug|Any CPU.Build.0 = Debug|Any CPU
		{CC44C65D-FB64-4729-9102-5DE0B4DE6228}.Release|Any CPU.ActiveCfg = Release|Any CPU
		{CC44C65D-FB64-4729-9102-5DE0B4DE6228}.Release|Any CPU.Build.0 = Release|Any CPU
	EndGlobalSection
	GlobalSection(SolutionProperties) = preSolution
		HideSolutionNode = FALSE
	EndGlobalSection
	GlobalSection(ExtensibilityGlobals) = postSolution
		SolutionGuid = {6B194604-7394-4F9B-A38A-C341DB9AE62B}
	EndGlobalSection
EndGlobal
